{
  "name": "dragon_ball_conquest",
  "version": "1.0.0",
  "lockfileVersion": 3,
  "requires": true,
  "packages": {
    "": {
      "name": "dragon_ball_conquest",
      "version": "1.0.0",
      "license": "ISC",
      "dependencies": {
        "p5": "^1.9.4",
        "p5ts": "^0.0.15"
      }
    },
    "node_modules/p5": {
      "version": "1.9.4",
      "resolved": "https://registry.npmjs.org/p5/-/p5-1.9.4.tgz",
      "integrity": "sha512-dhiZ9mvXx5pm8eRwml34xbeUwce4uS9Q2za0YOHg2p97N9iNAb5hTIHAt77CHKHXAh6A16u/oalz5egRfTyFWw==",
      "license": "LGPL-2.1"
    },
    "node_modules/p5ts": {
      "version": "0.0.15",
      "resolved": "https://registry.npmjs.org/p5ts/-/p5ts-0.0.15.tgz",
      "integrity": "sha512-Oe73m/IDFZGHxowbpGTBcz9pYwHxtboYb3dI+p+SSxyalIGYXyHXh92Zf7GeJGQc13l8CHSG1h+U6lBB9nQjOg==",
      "license": "MIT",
      "bin": {
        "p5ts": "bin/index.js"
      }
    }
  }
}
